// !$*UTF8*$!
{
	archiveVersion = 1;
	classes = {
	};
	objectVersion = 50;
	objects = {

/* Begin PBXBuildFile section */
		2AB8250821C1C67B00BE0516 /* AppDelegate.swift in Sources */ = {isa = PBXBuildFile; fileRef = 2AB8250721C1C67B00BE0516 /* AppDelegate.swift */; };
		2AB8250D21C1C67B00BE0516 /* Main.storyboard in Resources */ = {isa = PBXBuildFile; fileRef = 2AB8250B21C1C67B00BE0516 /* Main.storyboard */; };
		2AB8250F21C1C67C00BE0516 /* Assets.xcassets in Resources */ = {isa = PBXBuildFile; fileRef = 2AB8250E21C1C67C00BE0516 /* Assets.xcassets */; };
		2AB8251221C1C67C00BE0516 /* LaunchScreen.storyboard in Resources */ = {isa = PBXBuildFile; fileRef = 2AB8251021C1C67C00BE0516 /* LaunchScreen.storyboard */; };
		2AB8251F21C1C86500BE0516 /* AddMemeViewController.swift in Sources */ = {isa = PBXBuildFile; fileRef = 2AB8251E21C1C86500BE0516 /* AddMemeViewController.swift */; };
		2AB8252121C1CE9300BE0516 /* AddMemeInteractor.swift in Sources */ = {isa = PBXBuildFile; fileRef = 2AB8252021C1CE9300BE0516 /* AddMemeInteractor.swift */; };
		2AB8252321C1CF4800BE0516 /* AddMemeRouter.swift in Sources */ = {isa = PBXBuildFile; fileRef = 2AB8252221C1CF4800BE0516 /* AddMemeRouter.swift */; };
		2AB8252521C1D01C00BE0516 /* AddMemePresenter.swift in Sources */ = {isa = PBXBuildFile; fileRef = 2AB8252421C1D01C00BE0516 /* AddMemePresenter.swift */; };
		2AB8252721C1ECB300BE0516 /* AddMemeModels.swift in Sources */ = {isa = PBXBuildFile; fileRef = 2AB8252621C1ECB300BE0516 /* AddMemeModels.swift */; };
		2AB8252A21C1F34700BE0516 /* MemesWorker.swift in Sources */ = {isa = PBXBuildFile; fileRef = 2AB8252921C1F34700BE0516 /* MemesWorker.swift */; };
		2ADE0AC921C83D7B00E97008 /* Meme.swift in Sources */ = {isa = PBXBuildFile; fileRef = 2ADE0AC821C83D7B00E97008 /* Meme.swift */; };
		2ADE0ACE21C8422A00E97008 /* MemesMemStore.swift in Sources */ = {isa = PBXBuildFile; fileRef = 2ADE0ACD21C8422A00E97008 /* MemesMemStore.swift */; };
		2ADE0AD221C87CAF00E97008 /* ListMemesViewController.swift in Sources */ = {isa = PBXBuildFile; fileRef = 2ADE0AD121C87CAF00E97008 /* ListMemesViewController.swift */; };
		2ADE0AD421C87CF700E97008 /* ListMemesRouter.swift in Sources */ = {isa = PBXBuildFile; fileRef = 2ADE0AD321C87CF700E97008 /* ListMemesRouter.swift */; };
		2ADE0AD621C87DBE00E97008 /* ListMemesInteractor.swift in Sources */ = {isa = PBXBuildFile; fileRef = 2ADE0AD521C87DBE00E97008 /* ListMemesInteractor.swift */; };
		2ADE0AD821C8849D00E97008 /* ListMemesModels.swift in Sources */ = {isa = PBXBuildFile; fileRef = 2ADE0AD721C8849D00E97008 /* ListMemesModels.swift */; };
		2ADE0ADA21C8881100E97008 /* ListMemesPresenter.swift in Sources */ = {isa = PBXBuildFile; fileRef = 2ADE0AD921C8881100E97008 /* ListMemesPresenter.swift */; };
		2ADE0ADC21C895B800E97008 /* ShowMemeViewController.swift in Sources */ = {isa = PBXBuildFile; fileRef = 2ADE0ADB21C895B800E97008 /* ShowMemeViewController.swift */; };
		2ADE0ADF21C8981800E97008 /* MemeTableViewCell.swift in Sources */ = {isa = PBXBuildFile; fileRef = 2ADE0ADD21C8981800E97008 /* MemeTableViewCell.swift */; };
		2ADE0AE021C8981800E97008 /* MemeTableViewCell.xib in Resources */ = {isa = PBXBuildFile; fileRef = 2ADE0ADE21C8981800E97008 /* MemeTableViewCell.xib */; };
		2ADE0AE221C89F8300E97008 /* ShowMemeModels.swift in Sources */ = {isa = PBXBuildFile; fileRef = 2ADE0AE121C89F8300E97008 /* ShowMemeModels.swift */; };
		2ADE0AE421C8A0B500E97008 /* ShowMemeInteractor.swift in Sources */ = {isa = PBXBuildFile; fileRef = 2ADE0AE321C8A0B500E97008 /* ShowMemeInteractor.swift */; };
		2ADE0AE621C8A0BC00E97008 /* ShowMemePresenter.swift in Sources */ = {isa = PBXBuildFile; fileRef = 2ADE0AE521C8A0BC00E97008 /* ShowMemePresenter.swift */; };
		9E73AFED21F81F5900E3ED52 /* ShowMemeRouter.swift in Sources */ = {isa = PBXBuildFile; fileRef = 9E73AFEC21F81F5900E3ED52 /* ShowMemeRouter.swift */; };
/* End PBXBuildFile section */

/* Begin PBXFileReference section */
		2AB8250421C1C67B00BE0516 /* CleanMeme.app */ = {isa = PBXFileReference; explicitFileType = wrapper.application; includeInIndex = 0; path = CleanMeme.app; sourceTree = BUILT_PRODUCTS_DIR; };
		2AB8250721C1C67B00BE0516 /* AppDelegate.swift */ = {isa = PBXFileReference; lastKnownFileType = sourcecode.swift; path = AppDelegate.swift; sourceTree = "<group>"; };
		2AB8250C21C1C67B00BE0516 /* Base */ = {isa = PBXFileReference; lastKnownFileType = file.storyboard; name = Base; path = Base.lproj/Main.storyboard; sourceTree = "<group>"; };
		2AB8250E21C1C67C00BE0516 /* Assets.xcassets */ = {isa = PBXFileReference; lastKnownFileType = folder.assetcatalog; path = Assets.xcassets; sourceTree = "<group>"; };
		2AB8251121C1C67C00BE0516 /* Base */ = {isa = PBXFileReference; lastKnownFileType = file.storyboard; name = Base; path = Base.lproj/LaunchScreen.storyboard; sourceTree = "<group>"; };
		2AB8251321C1C67C00BE0516 /* Info.plist */ = {isa = PBXFileReference; lastKnownFileType = text.plist.xml; path = Info.plist; sourceTree = "<group>"; };
		2AB8251E21C1C86500BE0516 /* AddMemeViewController.swift */ = {isa = PBXFileReference; lastKnownFileType = sourcecode.swift; path = AddMemeViewController.swift; sourceTree = "<group>"; };
		2AB8252021C1CE9300BE0516 /* AddMemeInteractor.swift */ = {isa = PBXFileReference; lastKnownFileType = sourcecode.swift; path = AddMemeInteractor.swift; sourceTree = "<group>"; };
		2AB8252221C1CF4800BE0516 /* AddMemeRouter.swift */ = {isa = PBXFileReference; lastKnownFileType = sourcecode.swift; path = AddMemeRouter.swift; sourceTree = "<group>"; };
		2AB8252421C1D01C00BE0516 /* AddMemePresenter.swift */ = {isa = PBXFileReference; lastKnownFileType = sourcecode.swift; path = AddMemePresenter.swift; sourceTree = "<group>"; };
		2AB8252621C1ECB300BE0516 /* AddMemeModels.swift */ = {isa = PBXFileReference; lastKnownFileType = sourcecode.swift; path = AddMemeModels.swift; sourceTree = "<group>"; };
		2AB8252921C1F34700BE0516 /* MemesWorker.swift */ = {isa = PBXFileReference; lastKnownFileType = sourcecode.swift; path = MemesWorker.swift; sourceTree = "<group>"; };
		2ADE0AC821C83D7B00E97008 /* Meme.swift */ = {isa = PBXFileReference; lastKnownFileType = sourcecode.swift; path = Meme.swift; sourceTree = "<group>"; };
		2ADE0ACD21C8422A00E97008 /* MemesMemStore.swift */ = {isa = PBXFileReference; lastKnownFileType = sourcecode.swift; path = MemesMemStore.swift; sourceTree = "<group>"; };
		2ADE0AD121C87CAF00E97008 /* ListMemesViewController.swift */ = {isa = PBXFileReference; lastKnownFileType = sourcecode.swift; path = ListMemesViewController.swift; sourceTree = "<group>"; };
		2ADE0AD321C87CF700E97008 /* ListMemesRouter.swift */ = {isa = PBXFileReference; lastKnownFileType = sourcecode.swift; path = ListMemesRouter.swift; sourceTree = "<group>"; };
		2ADE0AD521C87DBE00E97008 /* ListMemesInteractor.swift */ = {isa = PBXFileReference; lastKnownFileType = sourcecode.swift; path = ListMemesInteractor.swift; sourceTree = "<group>"; };
		2ADE0AD721C8849D00E97008 /* ListMemesModels.swift */ = {isa = PBXFileReference; lastKnownFileType = sourcecode.swift; path = ListMemesModels.swift; sourceTree = "<group>"; };
		2ADE0AD921C8881100E97008 /* ListMemesPresenter.swift */ = {isa = PBXFileReference; lastKnownFileType = sourcecode.swift; path = ListMemesPresenter.swift; sourceTree = "<group>"; };
		2ADE0ADB21C895B800E97008 /* ShowMemeViewController.swift */ = {isa = PBXFileReference; lastKnownFileType = sourcecode.swift; path = ShowMemeViewController.swift; sourceTree = "<group>"; };
		2ADE0ADD21C8981800E97008 /* MemeTableViewCell.swift */ = {isa = PBXFileReference; lastKnownFileType = sourcecode.swift; path = MemeTableViewCell.swift; sourceTree = "<group>"; };
		2ADE0ADE21C8981800E97008 /* MemeTableViewCell.xib */ = {isa = PBXFileReference; lastKnownFileType = file.xib; path = MemeTableViewCell.xib; sourceTree = "<group>"; };
		2ADE0AE121C89F8300E97008 /* ShowMemeModels.swift */ = {isa = PBXFileReference; lastKnownFileType = sourcecode.swift; path = ShowMemeModels.swift; sourceTree = "<group>"; };
		2ADE0AE321C8A0B500E97008 /* ShowMemeInteractor.swift */ = {isa = PBXFileReference; lastKnownFileType = sourcecode.swift; path = ShowMemeInteractor.swift; sourceTree = "<group>"; };
		2ADE0AE521C8A0BC00E97008 /* ShowMemePresenter.swift */ = {isa = PBXFileReference; lastKnownFileType = sourcecode.swift; path = ShowMemePresenter.swift; sourceTree = "<group>"; };
		9E73AFEC21F81F5900E3ED52 /* ShowMemeRouter.swift */ = {isa = PBXFileReference; lastKnownFileType = sourcecode.swift; path = ShowMemeRouter.swift; sourceTree = "<group>"; };
/* End PBXFileReference section */

/* Begin PBXFrameworksBuildPhase section */
		2AB8250121C1C67B00BE0516 /* Frameworks */ = {
			isa = PBXFrameworksBuildPhase;
			buildActionMask = 2147483647;
			files = (
			);
			runOnlyForDeploymentPostprocessing = 0;
		};
/* End PBXFrameworksBuildPhase section */

/* Begin PBXGroup section */
		2AB824FB21C1C67B00BE0516 = {
			isa = PBXGroup;
			children = (
				2AB8250621C1C67B00BE0516 /* CleanMeme */,
				2AB8250521C1C67B00BE0516 /* Products */,
			);
			sourceTree = "<group>";
		};
		2AB8250521C1C67B00BE0516 /* Products */ = {
			isa = PBXGroup;
			children = (
				2AB8250421C1C67B00BE0516 /* CleanMeme.app */,
			);
			name = Products;
			sourceTree = "<group>";
		};
		2AB8250621C1C67B00BE0516 /* CleanMeme */ = {
			isa = PBXGroup;
			children = (
				2ADE0AC721C83D7000E97008 /* Models */,
				2ADE0ACC21C8420900E97008 /* Services */,
				2AB8252821C1F32400BE0516 /* Workers */,
				2AB8251921C1C69600BE0516 /* Scenes */,
				2AB8250721C1C67B00BE0516 /* AppDelegate.swift */,
				2AB8250B21C1C67B00BE0516 /* Main.storyboard */,
				2AB8250E21C1C67C00BE0516 /* Assets.xcassets */,
				2AB8251021C1C67C00BE0516 /* LaunchScreen.storyboard */,
				2AB8251321C1C67C00BE0516 /* Info.plist */,
			);
			path = CleanMeme;
			sourceTree = "<group>";
		};
		2AB8251921C1C69600BE0516 /* Scenes */ = {
			isa = PBXGroup;
			children = (
				2AB8251A21C1C69D00BE0516 /* AddMeme */,
				2AB8251C21C1C6B000BE0516 /* ListMemes */,
				2AB8251D21C1C6C700BE0516 /* ShowMeme */,
			);
			path = Scenes;
			sourceTree = "<group>";
		};
		2AB8251A21C1C69D00BE0516 /* AddMeme */ = {
			isa = PBXGroup;
			children = (
				2AB8252021C1CE9300BE0516 /* AddMemeInteractor.swift */,
				2AB8252621C1ECB300BE0516 /* AddMemeModels.swift */,
				2AB8252421C1D01C00BE0516 /* AddMemePresenter.swift */,
				2AB8252221C1CF4800BE0516 /* AddMemeRouter.swift */,
				2AB8251E21C1C86500BE0516 /* AddMemeViewController.swift */,
			);
			path = AddMeme;
			sourceTree = "<group>";
		};
		2AB8251C21C1C6B000BE0516 /* ListMemes */ = {
			isa = PBXGroup;
			children = (
				2ADE0AE921C9C36A00E97008 /* Views */,
				2ADE0AD521C87DBE00E97008 /* ListMemesInteractor.swift */,
				2ADE0AD721C8849D00E97008 /* ListMemesModels.swift */,
				2ADE0AD921C8881100E97008 /* ListMemesPresenter.swift */,
				2ADE0AD321C87CF700E97008 /* ListMemesRouter.swift */,
				2ADE0AD121C87CAF00E97008 /* ListMemesViewController.swift */,
			);
			path = ListMemes;
			sourceTree = "<group>";
		};
		2AB8251D21C1C6C700BE0516 /* ShowMeme */ = {
			isa = PBXGroup;
			children = (
				2ADE0AE321C8A0B500E97008 /* ShowMemeInteractor.swift */,
				2ADE0AE121C89F8300E97008 /* ShowMemeModels.swift */,
				2ADE0AE521C8A0BC00E97008 /* ShowMemePresenter.swift */,
				9E73AFEC21F81F5900E3ED52 /* ShowMemeRouter.swift */,
				2ADE0ADB21C895B800E97008 /* ShowMemeViewController.swift */,
			);
			path = ShowMeme;
			sourceTree = "<group>";
		};
		2AB8252821C1F32400BE0516 /* Workers */ = {
			isa = PBXGroup;
			children = (
				2AB8252921C1F34700BE0516 /* MemesWorker.swift */,
			);
			path = Workers;
			sourceTree = "<group>";
		};
		2ADE0AC721C83D7000E97008 /* Models */ = {
			isa = PBXGroup;
			children = (
				2ADE0AC821C83D7B00E97008 /* Meme.swift */,
			);
			path = Models;
			sourceTree = "<group>";
		};
		2ADE0ACC21C8420900E97008 /* Services */ = {
			isa = PBXGroup;
			children = (
				2ADE0ACD21C8422A00E97008 /* MemesMemStore.swift */,
			);
			path = Services;
			sourceTree = "<group>";
		};
		2ADE0AE921C9C36A00E97008 /* Views */ = {
			isa = PBXGroup;
			children = (
				2ADE0ADD21C8981800E97008 /* MemeTableViewCell.swift */,
				2ADE0ADE21C8981800E97008 /* MemeTableViewCell.xib */,
			);
			path = Views;
			sourceTree = "<group>";
		};
/* End PBXGroup section */

/* Begin PBXNativeTarget section */
		2AB8250321C1C67B00BE0516 /* CleanMeme */ = {
			isa = PBXNativeTarget;
			buildConfigurationList = 2AB8251621C1C67C00BE0516 /* Build configuration list for PBXNativeTarget "CleanMeme" */;
			buildPhases = (
				2AB8250021C1C67B00BE0516 /* Sources */,
				2AB8250121C1C67B00BE0516 /* Frameworks */,
				2AB8250221C1C67B00BE0516 /* Resources */,
			);
			buildRules = (
			);
			dependencies = (
			);
			name = CleanMeme;
			productName = CleanMeme;
			productReference = 2AB8250421C1C67B00BE0516 /* CleanMeme.app */;
			productType = "com.apple.product-type.application";
		};
/* End PBXNativeTarget section */

/* Begin PBXProject section */
		2AB824FC21C1C67B00BE0516 /* Project object */ = {
			isa = PBXProject;
			attributes = {
				LastSwiftUpdateCheck = 1000;
				LastUpgradeCheck = 1000;
				ORGANIZATIONNAME = "Sebastian Kolosa";
				TargetAttributes = {
					2AB8250321C1C67B00BE0516 = {
						CreatedOnToolsVersion = 10.0;
					};
				};
			};
			buildConfigurationList = 2AB824FF21C1C67B00BE0516 /* Build configuration list for PBXProject "CleanMeme" */;
			compatibilityVersion = "Xcode 9.3";
			developmentRegion = en;
			hasScannedForEncodings = 0;
			knownRegions = (
				en,
				Base,
			);
			mainGroup = 2AB824FB21C1C67B00BE0516;
			productRefGroup = 2AB8250521C1C67B00BE0516 /* Products */;
			projectDirPath = "";
			projectRoot = "";
			targets = (
				2AB8250321C1C67B00BE0516 /* CleanMeme */,
			);
		};
/* End PBXProject section */

/* Begin PBXResourcesBuildPhase section */
		2AB8250221C1C67B00BE0516 /* Resources */ = {
			isa = PBXResourcesBuildPhase;
			buildActionMask = 2147483647;
			files = (
				2AB8251221C1C67C00BE0516 /* LaunchScreen.storyboard in Resources */,
				2ADE0AE021C8981800E97008 /* MemeTableViewCell.xib in Resources */,
				2AB8250F21C1C67C00BE0516 /* Assets.xcassets in Resources */,
				2AB8250D21C1C67B00BE0516 /* Main.storyboard in Resources */,
			);
			runOnlyForDeploymentPostprocessing = 0;
		};
/* End PBXResourcesBuildPhase section */

/* Begin PBXSourcesBuildPhase section */
		2AB8250021C1C67B00BE0516 /* Sources */ = {
			isa = PBXSourcesBuildPhase;
			buildActionMask = 2147483647;
			files = (
				2ADE0AD821C8849D00E97008 /* ListMemesModels.swift in Sources */,
				2AB8252321C1CF4800BE0516 /* AddMemeRouter.swift in Sources */,
				2ADE0AC921C83D7B00E97008 /* Meme.swift in Sources */,
				2ADE0AD621C87DBE00E97008 /* ListMemesInteractor.swift in Sources */,
				2AB8251F21C1C86500BE0516 /* AddMemeViewController.swift in Sources */,
				2ADE0ADC21C895B800E97008 /* ShowMemeViewController.swift in Sources */,
				2ADE0AD421C87CF700E97008 /* ListMemesRouter.swift in Sources */,
				2ADE0AE621C8A0BC00E97008 /* ShowMemePresenter.swift in Sources */,
				2ADE0AE421C8A0B500E97008 /* ShowMemeInteractor.swift in Sources */,
				2AB8252A21C1F34700BE0516 /* MemesWorker.swift in Sources */,
				2ADE0AD221C87CAF00E97008 /* ListMemesViewController.swift in Sources */,
				2ADE0ADF21C8981800E97008 /* MemeTableViewCell.swift in Sources */,
				2AB8250821C1C67B00BE0516 /* AppDelegate.swift in Sources */,
				2ADE0ACE21C8422A00E97008 /* MemesMemStore.swift in Sources */,
				2ADE0ADA21C8881100E97008 /* ListMemesPresenter.swift in Sources */,
				2ADE0AE221C89F8300E97008 /* ShowMemeModels.swift in Sources */,
				2AB8252121C1CE9300BE0516 /* AddMemeInteractor.swift in Sources */,
				9E73AFED21F81F5900E3ED52 /* ShowMemeRouter.swift in Sources */,
				2AB8252521C1D01C00BE0516 /* AddMemePresenter.swift in Sources */,
				2AB8252721C1ECB300BE0516 /* AddMemeModels.swift in Sources */,
			);
			runOnlyForDeploymentPostprocessing = 0;
		};
/* End PBXSourcesBuildPhase section */

/* Begin PBXVariantGroup section */
		2AB8250B21C1C67B00BE0516 /* Main.storyboard */ = {
			isa = PBXVariantGroup;
			children = (
				2AB8250C21C1C67B00BE0516 /* Base */,
			);
			name = Main.storyboard;
			sourceTree = "<group>";
		};
		2AB8251021C1C67C00BE0516 /* LaunchScreen.storyboard */ = {
			isa = PBXVariantGroup;
			children = (
				2AB8251121C1C67C00BE0516 /* Base */,
			);
			name = LaunchScreen.storyboard;
			sourceTree = "<group>";
		};
/* End PBXVariantGroup section */

/* Begin XCBuildConfiguration section */
		2AB8251421C1C67C00BE0516 /* Debug */ = {
			isa = XCBuildConfiguration;
			buildSettings = {
				ALWAYS_SEARCH_USER_PATHS = NO;
				CLANG_ANALYZER_NONNULL = YES;
				CLANG_ANALYZER_NUMBER_OBJECT_CONVERSION = YES_AGGRESSIVE;
				CLANG_CXX_LANGUAGE_STANDARD = "gnu++14";
				CLANG_CXX_LIBRARY = "libc++";
				CLANG_ENABLE_MODULES = YES;
				CLANG_ENABLE_OBJC_ARC = YES;
				CLANG_ENABLE_OBJC_WEAK = YES;
				CLANG_WARN_BLOCK_CAPTURE_AUTORELEASING = YES;
				CLANG_WARN_BOOL_CONVERSION = YES;
				CLANG_WARN_COMMA = YES;
				CLANG_WARN_CONSTANT_CONVERSION = YES;
				CLANG_WARN_DEPRECATED_OBJC_IMPLEMENTATIONS = YES;
				CLANG_WARN_DIRECT_OBJC_ISA_USAGE = YES_ERROR;
				CLANG_WARN_DOCUMENTATION_COMMENTS = YES;
				CLANG_WARN_EMPTY_BODY = YES;
				CLANG_WARN_ENUM_CONVERSION = YES;
				CLANG_WARN_INFINITE_RECURSION = YES;
				CLANG_WARN_INT_CONVERSION = YES;
				CLANG_WARN_NON_LITERAL_NULL_CONVERSION = YES;
				CLANG_WARN_OBJC_IMPLICIT_RETAIN_SELF = YES;
				CLANG_WARN_OBJC_LITERAL_CONVERSION = YES;
				CLANG_WARN_OBJC_ROOT_CLASS = YES_ERROR;
				CLANG_WARN_RANGE_LOOP_ANALYSIS = YES;
				CLANG_WARN_STRICT_PROTOTYPES = YES;
				CLANG_WARN_SUSPICIOUS_MOVE = YES;
				CLANG_WARN_UNGUARDED_AVAILABILITY = YES_AGGRESSIVE;
				CLANG_WARN_UNREACHABLE_CODE = YES;
				CLANG_WARN__DUPLICATE_METHOD_MATCH = YES;
				CODE_SIGN_IDENTITY = "iPhone Developer";
				COPY_PHASE_STRIP = NO;
				DEBUG_INFORMATION_FORMAT = dwarf;
				ENABLE_STRICT_OBJC_MSGSEND = YES;
				ENABLE_TESTABILITY = YES;
				GCC_C_LANGUAGE_STANDARD = gnu11;
				GCC_DYNAMIC_NO_PIC = NO;
				GCC_NO_COMMON_BLOCKS = YES;
				GCC_OPTIMIZATION_LEVEL = 0;
				GCC_PREPROCESSOR_DEFINITIONS = (
					"DEBUG=1",
					"$(inherited)",
				);
				GCC_WARN_64_TO_32_BIT_CONVERSION = YES;
				GCC_WARN_ABOUT_RETURN_TYPE = YES_ERROR;
				GCC_WARN_UNDECLARED_SELECTOR = YES;
				GCC_WARN_UNINITIALIZED_AUTOS = YES_AGGRESSIVE;
				GCC_WARN_UNUSED_FUNCTION = YES;
				GCC_WARN_UNUSED_VARIABLE = YES;
				IPHONEOS_DEPLOYMENT_TARGET = 12.0;
				MTL_ENABLE_DEBUG_INFO = INCLUDE_SOURCE;
				MTL_FAST_MATH = YES;
				ONLY_ACTIVE_ARCH = YES;
				SDKROOT = iphoneos;
				SWIFT_ACTIVE_COMPILATION_CONDITIONS = DEBUG;
				SWIFT_OPTIMIZATION_LEVEL = "-Onone";
			};
			name = Debug;
		};
		2AB8251521C1C67C00BE0516 /* Release */ = {
			isa = XCBuildConfiguration;
			buildSettings = {
				ALWAYS_SEARCH_USER_PATHS = NO;
				CLANG_ANALYZER_NONNULL = YES;
				CLANG_ANALYZER_NUMBER_OBJECT_CONVERSION = YES_AGGRESSIVE;
				CLANG_CXX_LANGUAGE_STANDARD = "gnu++14";
				CLANG_CXX_LIBRARY = "libc++";
				CLANG_ENABLE_MODULES = YES;
				CLANG_ENABLE_OBJC_ARC = YES;
				CLANG_ENABLE_OBJC_WEAK = YES;
				CLANG_WARN_BLOCK_CAPTURE_AUTORELEASING = YES;
				CLANG_WARN_BOOL_CONVERSION = YES;
				CLANG_WARN_COMMA = YES;
				CLANG_WARN_CONSTANT_CONVERSION = YES;
				CLANG_WARN_DEPRECATED_OBJC_IMPLEMENTATIONS = YES;
				CLANG_WARN_DIRECT_OBJC_ISA_USAGE = YES_ERROR;
				CLANG_WARN_DOCUMENTATION_COMMENTS = YES;
				CLANG_WARN_EMPTY_BODY = YES;
				CLANG_WARN_ENUM_CONVERSION = YES;
				CLANG_WARN_INFINITE_RECURSION = YES;
				CLANG_WARN_INT_CONVERSION = YES;
				CLANG_WARN_NON_LITERAL_NULL_CONVERSION = YES;
				CLANG_WARN_OBJC_IMPLICIT_RETAIN_SELF = YES;
				CLANG_WARN_OBJC_LITERAL_CONVERSION = YES;
				CLANG_WARN_OBJC_ROOT_CLASS = YES_ERROR;
				CLANG_WARN_RANGE_LOOP_ANALYSIS = YES;
				CLANG_WARN_STRICT_PROTOTYPES = YES;
				CLANG_WARN_SUSPICIOUS_MOVE = YES;
				CLANG_WARN_UNGUARDED_AVAILABILITY = YES_AGGRESSIVE;
				CLANG_WARN_UNREACHABLE_CODE = YES;
				CLANG_WARN__DUPLICATE_METHOD_MATCH = YES;
				CODE_SIGN_IDENTITY = "iPhone Developer";
				COPY_PHASE_STRIP = NO;
				DEBUG_INFORMATION_FORMAT = "dwarf-with-dsym";
				ENABLE_NS_ASSERTIONS = NO;
				ENABLE_STRICT_OBJC_MSGSEND = YES;
				GCC_C_LANGUAGE_STANDARD = gnu11;
				GCC_NO_COMMON_BLOCKS = YES;
				GCC_WARN_64_TO_32_BIT_CONVERSION = YES;
				GCC_WARN_ABOUT_RETURN_TYPE = YES_ERROR;
				GCC_WARN_UNDECLARED_SELECTOR = YES;
				GCC_WARN_UNINITIALIZED_AUTOS = YES_AGGRESSIVE;
				GCC_WARN_UNUSED_FUNCTION = YES;
				GCC_WARN_UNUSED_VARIABLE = YES;
				IPHONEOS_DEPLOYMENT_TARGET = 12.0;
				MTL_ENABLE_DEBUG_INFO = NO;
				MTL_FAST_MATH = YES;
				SDKROOT = iphoneos;
				SWIFT_COMPILATION_MODE = wholemodule;
				SWIFT_OPTIMIZATION_LEVEL = "-O";
				VALIDATE_PRODUCT = YES;
			};
			name = Release;
		};
		2AB8251721C1C67C00BE0516 /* Debug */ = {
			isa = XCBuildConfiguration;
			buildSettings = {
				ASSETCATALOG_COMPILER_APPICON_NAME = AppIcon;
				CODE_SIGN_STYLE = Automatic;
				DEVELOPMENT_TEAM = "";
				INFOPLIST_FILE = CleanMeme/Info.plist;
				LD_RUNPATH_SEARCH_PATHS = (
					"$(inherited)",
					"@executable_path/Frameworks",
				);
				PRODUCT_BUNDLE_IDENTIFIER = skolosa.CleanMeme;
				PRODUCT_NAME = "$(TARGET_NAME)";
				SWIFT_VERSION = 4.2;
				TARGETED_DEVICE_FAMILY = "1,2";
			};
			name = Debug;
		};
		2AB8251821C1C67C00BE0516 /* Release */ = {
			isa = XCBuildConfiguration;
			buildSettings = {
				ASSETCATALOG_COMPILER_APPICON_NAME = AppIcon;
				CODE_SIGN_STYLE = Automatic;
				DEVELOPMENT_TEAM = "";
				INFOPLIST_FILE = CleanMeme/Info.plist;
				LD_RUNPATH_SEARCH_PATHS = (
					"$(inherited)",
					"@executable_path/Frameworks",
				);
				PRODUCT_BUNDLE_IDENTIFIER = skolosa.CleanMeme;
				PRODUCT_NAME = "$(TARGET_NAME)";
				SWIFT_VERSION = 4.2;
				TARGETED_DEVICE_FAMILY = "1,2";
			};
			name = Release;
		};
/* End XCBuildConfiguration section */

/* Begin XCConfigurationList section */
		2AB824FF21C1C67B00BE0516 /* Build configuration list for PBXProject "CleanMeme" */ = {
			isa = XCConfigurationList;
			buildConfigurations = (
				2AB8251421C1C67C00BE0516 /* Debug */,
				2AB8251521C1C67C00BE0516 /* Release */,
			);
			defaultConfigurationIsVisible = 0;
			defaultConfigurationName = Release;
		};
		2AB8251621C1C67C00BE0516 /* Build configuration list for PBXNativeTarget "CleanMeme" */ = {
			isa = XCConfigurationList;
			buildConfigurations = (
				2AB8251721C1C67C00BE0516 /* Debug */,
				2AB8251821C1C67C00BE0516 /* Release */,
			);
			defaultConfigurationIsVisible = 0;
			defaultConfigurationName = Release;
		};
/* End XCConfigurationList section */
	};
	rootObject = 2AB824FC21C1C67B00BE0516 /* Project object */;
}
